// !$*UTF8*$!
{
	archiveVersion = 1;
	classes = {
	};
	objectVersion = 46;
	objects = {

/* Begin PBXBuildFile section */
		153432411A29DE7B002E0FFC /* AppDelegate.swift in Sources */ = {isa = PBXBuildFile; fileRef = 153432401A29DE7B002E0FFC /* AppDelegate.swift */; };
		1534324B1A29DE7B002E0FFC /* LaunchScreen.xib in Resources */ = {isa = PBXBuildFile; fileRef = 153432491A29DE7B002E0FFC /* LaunchScreen.xib */; };
		153432571A29DE7B002E0FFC /* SimpleNewsAppTests.swift in Sources */ = {isa = PBXBuildFile; fileRef = 153432561A29DE7B002E0FFC /* SimpleNewsAppTests.swift */; };
		153432651A29E107002E0FFC /* XHNewsItem.swift in Sources */ = {isa = PBXBuildFile; fileRef = 153432641A29E107002E0FFC /* XHNewsItem.swift */; };
		153432671A29E498002E0FFC /* RootTableViewController.swift in Sources */ = {isa = PBXBuildFile; fileRef = 153432661A29E498002E0FFC /* RootTableViewController.swift */; };
		153432691A29EDFA002E0FFC /* WebViewController.swift in Sources */ = {isa = PBXBuildFile; fileRef = 153432681A29EDFA002E0FFC /* WebViewController.swift */; };
		1534326B1A29F58C002E0FFC /* Main.storyboard in Resources */ = {isa = PBXBuildFile; fileRef = 1534326A1A29F58C002E0FFC /* Main.storyboard */; };
		15512D401A30306E00E0EDA3 /* RAMBounceAnimation.swift in Sources */ = {isa = PBXBuildFile; fileRef = 15512D371A30306E00E0EDA3 /* RAMBounceAnimation.swift */; };
		15512D411A30306E00E0EDA3 /* RAMFrameItemAnimation.swift in Sources */ = {isa = PBXBuildFile; fileRef = 15512D391A30306E00E0EDA3 /* RAMFrameItemAnimation.swift */; };
		15512D421A30306E00E0EDA3 /* RAMRotationAnimation.swift in Sources */ = {isa = PBXBuildFile; fileRef = 15512D3B1A30306E00E0EDA3 /* RAMRotationAnimation.swift */; };
		15512D431A30306E00E0EDA3 /* RAMTransitionItemAnimation.swift in Sources */ = {isa = PBXBuildFile; fileRef = 15512D3D1A30306E00E0EDA3 /* RAMTransitionItemAnimation.swift */; };
		15512D441A30306E00E0EDA3 /* RAMAnimatedTabBarController.swift in Sources */ = {isa = PBXBuildFile; fileRef = 15512D3E1A30306E00E0EDA3 /* RAMAnimatedTabBarController.swift */; };
		15512D451A30306E00E0EDA3 /* RAMItemAnimationProtocol.swift in Sources */ = {isa = PBXBuildFile; fileRef = 15512D3F1A30306E00E0EDA3 /* RAMItemAnimationProtocol.swift */; };
		15512D491A3038CD00E0EDA3 /* Images.xcassets in Resources */ = {isa = PBXBuildFile; fileRef = 15512D481A3038CD00E0EDA3 /* Images.xcassets */; };
		15512D4B1A303C9900E0EDA3 /* settingViewController.swift in Sources */ = {isa = PBXBuildFile; fileRef = 15512D4A1A303C9900E0EDA3 /* settingViewController.swift */; };
		15512D4D1A303F6600E0EDA3 /* loginViewController.swift in Sources */ = {isa = PBXBuildFile; fileRef = 15512D4C1A303F6600E0EDA3 /* loginViewController.swift */; };
		15512D4F1A306B0800E0EDA3 /* newsViewController.swift in Sources */ = {isa = PBXBuildFile; fileRef = 15512D4E1A306B0800E0EDA3 /* newsViewController.swift */; };
/* End PBXBuildFile section */

/* Begin PBXContainerItemProxy section */
		153432511A29DE7B002E0FFC /* PBXContainerItemProxy */ = {
			isa = PBXContainerItemProxy;
			containerPortal = 153432331A29DE7B002E0FFC /* Project object */;
			proxyType = 1;
			remoteGlobalIDString = 1534323A1A29DE7B002E0FFC;
			remoteInfo = SimpleNewsApp;
		};
/* End PBXContainerItemProxy section */

/* Begin PBXFileReference section */
		1534323B1A29DE7B002E0FFC /* SimpleNewsApp.app */ = {isa = PBXFileReference; explicitFileType = wrapper.application; includeInIndex = 0; path = SimpleNewsApp.app; sourceTree = BUILT_PRODUCTS_DIR; };
		1534323F1A29DE7B002E0FFC /* Info.plist */ = {isa = PBXFileReference; lastKnownFileType = text.plist.xml; path = Info.plist; sourceTree = "<group>"; };
		153432401A29DE7B002E0FFC /* AppDelegate.swift */ = {isa = PBXFileReference; lastKnownFileType = sourcecode.swift; path = AppDelegate.swift; sourceTree = "<group>"; };
		1534324A1A29DE7B002E0FFC /* Base */ = {isa = PBXFileReference; lastKnownFileType = file.xib; name = Base; path = Base.lproj/LaunchScreen.xib; sourceTree = "<group>"; };
		153432501A29DE7B002E0FFC /* SimpleNewsAppTests.xctest */ = {isa = PBXFileReference; explicitFileType = wrapper.cfbundle; includeInIndex = 0; path = SimpleNewsAppTests.xctest; sourceTree = BUILT_PRODUCTS_DIR; };
		153432551A29DE7B002E0FFC /* Info.plist */ = {isa = PBXFileReference; lastKnownFileType = text.plist.xml; path = Info.plist; sourceTree = "<group>"; };
		153432561A29DE7B002E0FFC /* SimpleNewsAppTests.swift */ = {isa = PBXFileReference; lastKnownFileType = sourcecode.swift; path = SimpleNewsAppTests.swift; sourceTree = "<group>"; };
		153432641A29E107002E0FFC /* XHNewsItem.swift */ = {isa = PBXFileReference; fileEncoding = 4; lastKnownFileType = sourcecode.swift; path = XHNewsItem.swift; sourceTree = "<group>"; };
		153432661A29E498002E0FFC /* RootTableViewController.swift */ = {isa = PBXFileReference; fileEncoding = 4; lastKnownFileType = sourcecode.swift; path = RootTableViewController.swift; sourceTree = "<group>"; };
		153432681A29EDFA002E0FFC /* WebViewController.swift */ = {isa = PBXFileReference; fileEncoding = 4; lastKnownFileType = sourcecode.swift; path = WebViewController.swift; sourceTree = "<group>"; };
		1534326A1A29F58C002E0FFC /* Main.storyboard */ = {isa = PBXFileReference; fileEncoding = 4; lastKnownFileType = file.storyboard; path = Main.storyboard; sourceTree = "<group>"; };
		15512D371A30306E00E0EDA3 /* RAMBounceAnimation.swift */ = {isa = PBXFileReference; fileEncoding = 4; lastKnownFileType = sourcecode.swift; path = RAMBounceAnimation.swift; sourceTree = "<group>"; };
		15512D391A30306E00E0EDA3 /* RAMFrameItemAnimation.swift */ = {isa = PBXFileReference; fileEncoding = 4; lastKnownFileType = sourcecode.swift; path = RAMFrameItemAnimation.swift; sourceTree = "<group>"; };
		15512D3B1A30306E00E0EDA3 /* RAMRotationAnimation.swift */ = {isa = PBXFileReference; fileEncoding = 4; lastKnownFileType = sourcecode.swift; path = RAMRotationAnimation.swift; sourceTree = "<group>"; };
		15512D3D1A30306E00E0EDA3 /* RAMTransitionItemAnimation.swift */ = {isa = PBXFileReference; fileEncoding = 4; lastKnownFileType = sourcecode.swift; path = RAMTransitionItemAnimation.swift; sourceTree = "<group>"; };
		15512D3E1A30306E00E0EDA3 /* RAMAnimatedTabBarController.swift */ = {isa = PBXFileReference; fileEncoding = 4; lastKnownFileType = sourcecode.swift; path = RAMAnimatedTabBarController.swift; sourceTree = "<group>"; };
		15512D3F1A30306E00E0EDA3 /* RAMItemAnimationProtocol.swift */ = {isa = PBXFileReference; fileEncoding = 4; lastKnownFileType = sourcecode.swift; path = RAMItemAnimationProtocol.swift; sourceTree = "<group>"; };
		15512D481A3038CD00E0EDA3 /* Images.xcassets */ = {isa = PBXFileReference; lastKnownFileType = folder.assetcatalog; name = Images.xcassets; path = ../Images.xcassets; sourceTree = "<group>"; };
		15512D4A1A303C9900E0EDA3 /* settingViewController.swift */ = {isa = PBXFileReference; fileEncoding = 4; lastKnownFileType = sourcecode.swift; path = settingViewController.swift; sourceTree = "<group>"; };
		15512D4C1A303F6600E0EDA3 /* loginViewController.swift */ = {isa = PBXFileReference; fileEncoding = 4; lastKnownFileType = sourcecode.swift; path = loginViewController.swift; sourceTree = "<group>"; };
		15512D4E1A306B0800E0EDA3 /* newsViewController.swift */ = {isa = PBXFileReference; fileEncoding = 4; lastKnownFileType = sourcecode.swift; path = newsViewController.swift; sourceTree = "<group>"; };
/* End PBXFileReference section */

/* Begin PBXFrameworksBuildPhase section */
		153432381A29DE7B002E0FFC /* Frameworks */ = {
			isa = PBXFrameworksBuildPhase;
			buildActionMask = 2147483647;
			files = (
			);
			runOnlyForDeploymentPostprocessing = 0;
		};
		1534324D1A29DE7B002E0FFC /* Frameworks */ = {
			isa = PBXFrameworksBuildPhase;
			buildActionMask = 2147483647;
			files = (
			);
			runOnlyForDeploymentPostprocessing = 0;
		};
/* End PBXFrameworksBuildPhase section */

/* Begin PBXGroup section */
		153432321A29DE7B002E0FFC = {
			isa = PBXGroup;
			children = (
				15512D341A30306E00E0EDA3 /* RAMAnimatedTabBarController */,
				1534323D1A29DE7B002E0FFC /* SimpleNewsApp */,
				153432531A29DE7B002E0FFC /* SimpleNewsAppTests */,
				1534323C1A29DE7B002E0FFC /* Products */,
			);
			sourceTree = "<group>";
		};
		1534323C1A29DE7B002E0FFC /* Products */ = {
			isa = PBXGroup;
			children = (
				1534323B1A29DE7B002E0FFC /* SimpleNewsApp.app */,
				153432501A29DE7B002E0FFC /* SimpleNewsAppTests.xctest */,
			);
			name = Products;
			sourceTree = "<group>";
		};
		1534323D1A29DE7B002E0FFC /* SimpleNewsApp */ = {
			isa = PBXGroup;
			children = (
				153432401A29DE7B002E0FFC /* AppDelegate.swift */,
				153432661A29E498002E0FFC /* RootTableViewController.swift */,
				15512D4A1A303C9900E0EDA3 /* settingViewController.swift */,
				15512D4C1A303F6600E0EDA3 /* loginViewController.swift */,
				15512D4E1A306B0800E0EDA3 /* newsViewController.swift */,
				153432681A29EDFA002E0FFC /* WebViewController.swift */,
				153432641A29E107002E0FFC /* XHNewsItem.swift */,
				1534326A1A29F58C002E0FFC /* Main.storyboard */,
				153432491A29DE7B002E0FFC /* LaunchScreen.xib */,
				15512D481A3038CD00E0EDA3 /* Images.xcassets */,
				1534323E1A29DE7B002E0FFC /* Supporting Files */,
			);
			path = SimpleNewsApp;
			sourceTree = "<group>";
		};
		1534323E1A29DE7B002E0FFC /* Supporting Files */ = {
			isa = PBXGroup;
			children = (
				1534323F1A29DE7B002E0FFC /* Info.plist */,
			);
			name = "Supporting Files";
			sourceTree = "<group>";
		};
		153432531A29DE7B002E0FFC /* SimpleNewsAppTests */ = {
			isa = PBXGroup;
			children = (
				153432561A29DE7B002E0FFC /* SimpleNewsAppTests.swift */,
				153432541A29DE7B002E0FFC /* Supporting Files */,
			);
			path = SimpleNewsAppTests;
			sourceTree = "<group>";
		};
		153432541A29DE7B002E0FFC /* Supporting Files */ = {
			isa = PBXGroup;
			children = (
				153432551A29DE7B002E0FFC /* Info.plist */,
			);
			name = "Supporting Files";
			sourceTree = "<group>";
		};
		15512D341A30306E00E0EDA3 /* RAMAnimatedTabBarController */ = {
			isa = PBXGroup;
			children = (
				15512D351A30306E00E0EDA3 /* Animations */,
				15512D3E1A30306E00E0EDA3 /* RAMAnimatedTabBarController.swift */,
				15512D3F1A30306E00E0EDA3 /* RAMItemAnimationProtocol.swift */,
			);
			path = RAMAnimatedTabBarController;
			sourceTree = "<group>";
		};
		15512D351A30306E00E0EDA3 /* Animations */ = {
			isa = PBXGroup;
			children = (
				15512D361A30306E00E0EDA3 /* BounceAnimation */,
				15512D381A30306E00E0EDA3 /* FrameAnimation */,
				15512D3A1A30306E00E0EDA3 /* RotationAnimation */,
				15512D3C1A30306E00E0EDA3 /* TransitionAniamtions */,
			);
			path = Animations;
			sourceTree = "<group>";
		};
		15512D361A30306E00E0EDA3 /* BounceAnimation */ = {
			isa = PBXGroup;
			children = (
				15512D371A30306E00E0EDA3 /* RAMBounceAnimation.swift */,
			);
			path = BounceAnimation;
			sourceTree = "<group>";
		};
		15512D381A30306E00E0EDA3 /* FrameAnimation */ = {
			isa = PBXGroup;
			children = (
				15512D391A30306E00E0EDA3 /* RAMFrameItemAnimation.swift */,
			);
			path = FrameAnimation;
			sourceTree = "<group>";
		};
		15512D3A1A30306E00E0EDA3 /* RotationAnimation */ = {
			isa = PBXGroup;
			children = (
				15512D3B1A30306E00E0EDA3 /* RAMRotationAnimation.swift */,
			);
			path = RotationAnimation;
			sourceTree = "<group>";
		};
		15512D3C1A30306E00E0EDA3 /* TransitionAniamtions */ = {
			isa = PBXGroup;
			children = (
				15512D3D1A30306E00E0EDA3 /* RAMTransitionItemAnimation.swift */,
			);
			path = TransitionAniamtions;
			sourceTree = "<group>";
		};
/* End PBXGroup section */

/* Begin PBXNativeTarget section */
		1534323A1A29DE7B002E0FFC /* SimpleNewsApp */ = {
			isa = PBXNativeTarget;
			buildConfigurationList = 1534325A1A29DE7B002E0FFC /* Build configuration list for PBXNativeTarget "SimpleNewsApp" */;
			buildPhases = (
				153432371A29DE7B002E0FFC /* Sources */,
				153432381A29DE7B002E0FFC /* Frameworks */,
				153432391A29DE7B002E0FFC /* Resources */,
			);
			buildRules = (
			);
			dependencies = (
			);
			name = SimpleNewsApp;
			productName = SimpleNewsApp;
			productReference = 1534323B1A29DE7B002E0FFC /* SimpleNewsApp.app */;
			productType = "com.apple.product-type.application";
		};
		1534324F1A29DE7B002E0FFC /* SimpleNewsAppTests */ = {
			isa = PBXNativeTarget;
			buildConfigurationList = 1534325D1A29DE7B002E0FFC /* Build configuration list for PBXNativeTarget "SimpleNewsAppTests" */;
			buildPhases = (
				1534324C1A29DE7B002E0FFC /* Sources */,
				1534324D1A29DE7B002E0FFC /* Frameworks */,
				1534324E1A29DE7B002E0FFC /* Resources */,
			);
			buildRules = (
			);
			dependencies = (
				153432521A29DE7B002E0FFC /* PBXTargetDependency */,
			);
			name = SimpleNewsAppTests;
			productName = SimpleNewsAppTests;
			productReference = 153432501A29DE7B002E0FFC /* SimpleNewsAppTests.xctest */;
			productType = "com.apple.product-type.bundle.unit-test";
		};
/* End PBXNativeTarget section */

/* Begin PBXProject section */
		153432331A29DE7B002E0FFC /* Project object */ = {
			isa = PBXProject;
			attributes = {
				LastUpgradeCheck = 0610;
				ORGANIZATIONNAME = Linus;
				TargetAttributes = {
					1534323A1A29DE7B002E0FFC = {
						CreatedOnToolsVersion = 6.1;
					};
					1534324F1A29DE7B002E0FFC = {
						CreatedOnToolsVersion = 6.1;
						TestTargetID = 1534323A1A29DE7B002E0FFC;
					};
				};
			};
			buildConfigurationList = 153432361A29DE7B002E0FFC /* Build configuration list for PBXProject "SimpleNewsApp" */;
			compatibilityVersion = "Xcode 3.2";
			developmentRegion = English;
			hasScannedForEncodings = 0;
			knownRegions = (
				en,
				Base,
			);
			mainGroup = 153432321A29DE7B002E0FFC;
			productRefGroup = 1534323C1A29DE7B002E0FFC /* Products */;
			projectDirPath = "";
			projectRoot = "";
			targets = (
				1534323A1A29DE7B002E0FFC /* SimpleNewsApp */,
				1534324F1A29DE7B002E0FFC /* SimpleNewsAppTests */,
			);
		};
/* End PBXProject section */

/* Begin PBXResourcesBuildPhase section */
		153432391A29DE7B002E0FFC /* Resources */ = {
			isa = PBXResourcesBuildPhase;
			buildActionMask = 2147483647;
			files = (
				15512D491A3038CD00E0EDA3 /* Images.xcassets in Resources */,
				1534326B1A29F58C002E0FFC /* Main.storyboard in Resources */,
				1534324B1A29DE7B002E0FFC /* LaunchScreen.xib in Resources */,
			);
			runOnlyForDeploymentPostprocessing = 0;
		};
		1534324E1A29DE7B002E0FFC /* Resources */ = {
			isa = PBXResourcesBuildPhase;
			buildActionMask = 2147483647;
			files = (
			);
			runOnlyForDeploymentPostprocessing = 0;
		};
/* End PBXResourcesBuildPhase section */

/* Begin PBXSourcesBuildPhase section */
		153432371A29DE7B002E0FFC /* Sources */ = {
			isa = PBXSourcesBuildPhase;
			buildActionMask = 2147483647;
			files = (
				153432651A29E107002E0FFC /* XHNewsItem.swift in Sources */,
				15512D441A30306E00E0EDA3 /* RAMAnimatedTabBarController.swift in Sources */,
				153432671A29E498002E0FFC /* RootTableViewController.swift in Sources */,
				15512D431A30306E00E0EDA3 /* RAMTransitionItemAnimation.swift in Sources */,
				15512D451A30306E00E0EDA3 /* RAMItemAnimationProtocol.swift in Sources */,
				15512D4D1A303F6600E0EDA3 /* loginViewController.swift in Sources */,
				15512D401A30306E00E0EDA3 /* RAMBounceAnimation.swift in Sources */,
				15512D421A30306E00E0EDA3 /* RAMRotationAnimation.swift in Sources */,
				153432411A29DE7B002E0FFC /* AppDelegate.swift in Sources */,
				15512D411A30306E00E0EDA3 /* RAMFrameItemAnimation.swift in Sources */,
				153432691A29EDFA002E0FFC /* WebViewController.swift in Sources */,
				15512D4B1A303C9900E0EDA3 /* settingViewController.swift in Sources */,
				15512D4F1A306B0800E0EDA3 /* newsViewController.swift in Sources */,
			);
			runOnlyForDeploymentPostprocessing = 0;
		};
		1534324C1A29DE7B002E0FFC /* Sources */ = {
			isa = PBXSourcesBuildPhase;
			buildActionMask = 2147483647;
			files = (
				153432571A29DE7B002E0FFC /* SimpleNewsAppTests.swift in Sources */,
			);
			runOnlyForDeploymentPostprocessing = 0;
		};
/* End PBXSourcesBuildPhase section */

/* Begin PBXTargetDependency section */
		153432521A29DE7B002E0FFC /* PBXTargetDependency */ = {
			isa = PBXTargetDependency;
			target = 1534323A1A29DE7B002E0FFC /* SimpleNewsApp */;
			targetProxy = 153432511A29DE7B002E0FFC /* PBXContainerItemProxy */;
		};
/* End PBXTargetDependency section */

/* Begin PBXVariantGroup section */
		153432491A29DE7B002E0FFC /* LaunchScreen.xib */ = {
			isa = PBXVariantGroup;
			children = (
				1534324A1A29DE7B002E0FFC /* Base */,
			);
			name = LaunchScreen.xib;
			sourceTree = "<group>";
		};
/* End PBXVariantGroup section */

/* Begin XCBuildConfiguration section */
		153432581A29DE7B002E0FFC /* Debug */ = {
			isa = XCBuildConfiguration;
			buildSettings = {
				ALWAYS_SEARCH_USER_PATHS = NO;
				CLANG_CXX_LANGUAGE_STANDARD = "gnu++0x";
				CLANG_CXX_LIBRARY = "libc++";
				CLANG_ENABLE_MODULES = YES;
				CLANG_ENABLE_OBJC_ARC = YES;
				CLANG_WARN_BOOL_CONVERSION = YES;
				CLANG_WARN_CONSTANT_CONVERSION = YES;
				CLANG_WARN_DIRECT_OBJC_ISA_USAGE = YES_ERROR;
				CLANG_WARN_EMPTY_BODY = YES;
				CLANG_WARN_ENUM_CONVERSION = YES;
				CLANG_WARN_INT_CONVERSION = YES;
				CLANG_WARN_OBJC_ROOT_CLASS = YES_ERROR;
				CLANG_WARN_UNREACHABLE_CODE = YES;
				CLANG_WARN__DUPLICATE_METHOD_MATCH = YES;
				"CODE_SIGN_IDENTITY[sdk=iphoneos*]" = "iPhone Developer";
				COPY_PHASE_STRIP = NO;
				ENABLE_STRICT_OBJC_MSGSEND = YES;
				GCC_C_LANGUAGE_STANDARD = gnu99;
				GCC_DYNAMIC_NO_PIC = NO;
				GCC_OPTIMIZATION_LEVEL = 0;
				GCC_PREPROCESSOR_DEFINITIONS = (
					"DEBUG=1",
					"$(inherited)",
				);
				GCC_SYMBOLS_PRIVATE_EXTERN = NO;
				GCC_WARN_64_TO_32_BIT_CONVERSION = YES;
				GCC_WARN_ABOUT_RETURN_TYPE = YES_ERROR;
				GCC_WARN_UNDECLARED_SELECTOR = YES;
				GCC_WARN_UNINITIALIZED_AUTOS = YES_AGGRESSIVE;
				GCC_WARN_UNUSED_FUNCTION = YES;
				GCC_WARN_UNUSED_VARIABLE = YES;
				IPHONEOS_DEPLOYMENT_TARGET = 8.1;
				MTL_ENABLE_DEBUG_INFO = YES;
				ONLY_ACTIVE_ARCH = YES;
				SDKROOT = iphoneos;
				SWIFT_OPTIMIZATION_LEVEL = "-Onone";
			};
			name = Debug;
		};
		153432591A29DE7B002E0FFC /* Release */ = {
			isa = XCBuildConfiguration;
			buildSettings = {
				ALWAYS_SEARCH_USER_PATHS = NO;
				CLANG_CXX_LANGUAGE_STANDARD = "gnu++0x";
				CLANG_CXX_LIBRARY = "libc++";
				CLANG_ENABLE_MODULES = YES;
				CLANG_ENABLE_OBJC_ARC = YES;
				CLANG_WARN_BOOL_CONVERSION = YES;
				CLANG_WARN_CONSTANT_CONVERSION = YES;
				CLANG_WARN_DIRECT_OBJC_ISA_USAGE = YES_ERROR;
				CLANG_WARN_EMPTY_BODY = YES;
				CLANG_WARN_ENUM_CONVERSION = YES;
				CLANG_WARN_INT_CONVERSION = YES;
				CLANG_WARN_OBJC_ROOT_CLASS = YES_ERROR;
				CLANG_WARN_UNREACHABLE_CODE = YES;
				CLANG_WARN__DUPLICATE_METHOD_MATCH = YES;
				"CODE_SIGN_IDENTITY[sdk=iphoneos*]" = "iPhone Developer";
				COPY_PHASE_STRIP = YES;
				ENABLE_NS_ASSERTIONS = NO;
				ENABLE_STRICT_OBJC_MSGSEND = YES;
				GCC_C_LANGUAGE_STANDARD = gnu99;
				GCC_WARN_64_TO_32_BIT_CONVERSION = YES;
				GCC_WARN_ABOUT_RETURN_TYPE = YES_ERROR;
				GCC_WARN_UNDECLARED_SELECTOR = YES;
				GCC_WARN_UNINITIALIZED_AUTOS = YES_AGGRESSIVE;
				GCC_WARN_UNUSED_FUNCTION = YES;
				GCC_WARN_UNUSED_VARIABLE = YES;
				IPHONEOS_DEPLOYMENT_TARGET = 8.1;
				MTL_ENABLE_DEBUG_INFO = NO;
				SDKROOT = iphoneos;
				VALIDATE_PRODUCT = YES;
			};
			name = Release;
		};
		1534325B1A29DE7B002E0FFC /* Debug */ = {
			isa = XCBuildConfiguration;
			buildSettings = {
				ASSETCATALOG_COMPILER_APPICON_NAME = AppIcon;
				CODE_SIGN_IDENTITY = "iPhone Developer";
				INFOPLIST_FILE = SimpleNewsApp/Info.plist;
				LD_RUNPATH_SEARCH_PATHS = "$(inherited) @executable_path/Frameworks";
				PRODUCT_NAME = "$(TARGET_NAME)";
				TARGETED_DEVICE_FAMILY = 1;
			};
			name = Debug;
		};
		1534325C1A29DE7B002E0FFC /* Release */ = {
			isa = XCBuildConfiguration;
			buildSettings = {
				ASSETCATALOG_COMPILER_APPICON_NAME = AppIcon;
				CODE_SIGN_IDENTITY = "iPhone Developer";
				INFOPLIST_FILE = SimpleNewsApp/Info.plist;
				LD_RUNPATH_SEARCH_PATHS = "$(inherited) @executable_path/Frameworks";
				PRODUCT_NAME = "$(TARGET_NAME)";
				TARGETED_DEVICE_FAMILY = 1;
			};
			name = Release;
		};
		1534325E1A29DE7B002E0FFC /* Debug */ = {
			isa = XCBuildConfiguration;
			buildSettings = {
				BUNDLE_LOADER = "$(TEST_HOST)";
				FRAMEWORK_SEARCH_PATHS = (
					"$(SDKROOT)/Developer/Library/Frameworks",
					"$(inherited)",
				);
				GCC_PREPROCESSOR_DEFINITIONS = (
					"DEBUG=1",
					"$(inherited)",
				);
				INFOPLIST_FILE = SimpleNewsAppTests/Info.plist;
				LD_RUNPATH_SEARCH_PATHS = "$(inherited) @executable_path/Frameworks @loader_path/Frameworks";
				PRODUCT_NAME = "$(TARGET_NAME)";
				TEST_HOST = "$(BUILT_PRODUCTS_DIR)/SimpleNewsApp.app/SimpleNewsApp";
			};
			name = Debug;
		};
		1534325F1A29DE7B002E0FFC /* Release */ = {
			isa = XCBuildConfiguration;
			buildSettings = {
				BUNDLE_LOADER = "$(TEST_HOST)";
				FRAMEWORK_SEARCH_PATHS = (
					"$(SDKROOT)/Developer/Library/Frameworks",
					"$(inherited)",
				);
				INFOPLIST_FILE = SimpleNewsAppTests/Info.plist;
				LD_RUNPATH_SEARCH_PATHS = "$(inherited) @executable_path/Frameworks @loader_path/Frameworks";
				PRODUCT_NAME = "$(TARGET_NAME)";
				TEST_HOST = "$(BUILT_PRODUCTS_DIR)/SimpleNewsApp.app/SimpleNewsApp";
			};
			name = Release;
		};
/* End XCBuildConfiguration section */

/* Begin XCConfigurationList section */
		153432361A29DE7B002E0FFC /* Build configuration list for PBXProject "SimpleNewsApp" */ = {
			isa = XCConfigurationList;
			buildConfigurations = (
				153432581A29DE7B002E0FFC /* Debug */,
				153432591A29DE7B002E0FFC /* Release */,
			);
			defaultConfigurationIsVisible = 0;
			defaultConfigurationName = Release;
		};
		1534325A1A29DE7B002E0FFC /* Build configuration list for PBXNativeTarget "SimpleNewsApp" */ = {
			isa = XCConfigurationList;
			buildConfigurations = (
				1534325B1A29DE7B002E0FFC /* Debug */,
				1534325C1A29DE7B002E0FFC /* Release */,
			);
			defaultConfigurationIsVisible = 0;
			defaultConfigurationName = Release;
		};
		1534325D1A29DE7B002E0FFC /* Build configuration list for PBXNativeTarget "SimpleNewsAppTests" */ = {
			isa = XCConfigurationList;
			buildConfigurations = (
				1534325E1A29DE7B002E0FFC /* Debug */,
				1534325F1A29DE7B002E0FFC /* Release */,
			);
			defaultConfigurationIsVisible = 0;
			defaultConfigurationName = Release;
		};
/* End XCConfigurationList section */
	};
	rootObject = 153432331A29DE7B002E0FFC /* Project object */;
}
